# This file is automatically @generated by Cargo.
# It is not intended for manual editing.
version = 3

[[package]]
name = "wtf-ast"
version = "0.1.0"

[[package]]
name = "wtf-hir"
version = "0.1.0"
dependencies = [
 "wtf-ast",
]

[[package]]
name = "wtf-parser"
version = "0.1.0"
dependencies = [
 "wtf-ast",
]
