# This file is automatically @generated by Cargo.
# It is not intended for manual editing.
version = 4

[[package]]
name = "test-wtf-lsp"
version = "0.1.0"
dependencies = [
 "wtf-error",
 "wtf-hir",
 "wtf-parser",
]

[[package]]
name = "wtf-ast"
version = "0.0.0"

[[package]]
name = "wtf-error"
version = "0.0.0"
dependencies = [
 "wtf-tokens",
]

[[package]]
name = "wtf-hir"
version = "0.0.0"
dependencies = [
 "wtf-ast",
]

[[package]]
name = "wtf-parser"
version = "0.0.0"
dependencies = [
 "wtf-ast",
 "wtf-error",
 "wtf-tokens",
]

[[package]]
name = "wtf-tokens"
version = "0.0.0"
